// !$*UTF8*$!
{
	archiveVersion = 1;
	classes = {
	};
	objectVersion = 55;
	objects = {

/* Begin PBXBuildFile section */
		D151889E293C45390017200E /* AdventOfCodeApp.swift in Sources */ = {isa = PBXBuildFile; fileRef = D151889D293C45390017200E /* AdventOfCodeApp.swift */; };
		D15188A0293C45390017200E /* ContentView.swift in Sources */ = {isa = PBXBuildFile; fileRef = D151889F293C45390017200E /* ContentView.swift */; };
		D15188A2293C453B0017200E /* Assets.xcassets in Resources */ = {isa = PBXBuildFile; fileRef = D15188A1293C453B0017200E /* Assets.xcassets */; };
		D15188A5293C453B0017200E /* Preview Assets.xcassets in Resources */ = {isa = PBXBuildFile; fileRef = D15188A4293C453B0017200E /* Preview Assets.xcassets */; };
		D15188B0293C453B0017200E /* AdventOfCodeTests.swift in Sources */ = {isa = PBXBuildFile; fileRef = D15188AF293C453B0017200E /* AdventOfCodeTests.swift */; };
		D15188BA293C453B0017200E /* AdventOfCodeUITests.swift in Sources */ = {isa = PBXBuildFile; fileRef = D15188B9293C453B0017200E /* AdventOfCodeUITests.swift */; };
		D15188BC293C453B0017200E /* AdventOfCodeUITestsLaunchTests.swift in Sources */ = {isa = PBXBuildFile; fileRef = D15188BB293C453B0017200E /* AdventOfCodeUITestsLaunchTests.swift */; };
		D15188CC293C46D80017200E /* Day01.swift in Sources */ = {isa = PBXBuildFile; fileRef = D15188CB293C46D80017200E /* Day01.swift */; };
		D15188CE293C48DA0017200E /* input_01.txt in Resources */ = {isa = PBXBuildFile; fileRef = D15188CD293C48DA0017200E /* input_01.txt */; };
		D15188D0293C49540017200E /* Day01Tests.swift in Sources */ = {isa = PBXBuildFile; fileRef = D15188CF293C49540017200E /* Day01Tests.swift */; };
		D15188D2293C4B200017200E /* Day02.swift in Sources */ = {isa = PBXBuildFile; fileRef = D15188D1293C4B200017200E /* Day02.swift */; };
		D15188D4293C4C650017200E /* Day02Tests.swift in Sources */ = {isa = PBXBuildFile; fileRef = D15188D3293C4C650017200E /* Day02Tests.swift */; };
		D15188D6293C4CC10017200E /* input_02.txt in Resources */ = {isa = PBXBuildFile; fileRef = D15188D5293C4CC10017200E /* input_02.txt */; };
/* End PBXBuildFile section */

/* Begin PBXContainerItemProxy section */
		D15188AC293C453B0017200E /* PBXContainerItemProxy */ = {
			isa = PBXContainerItemProxy;
			containerPortal = D1518892293C45390017200E /* Project object */;
			proxyType = 1;
			remoteGlobalIDString = D1518899293C45390017200E;
			remoteInfo = AdventOfCode;
		};
		D15188B6293C453B0017200E /* PBXContainerItemProxy */ = {
			isa = PBXContainerItemProxy;
			containerPortal = D1518892293C45390017200E /* Project object */;
			proxyType = 1;
			remoteGlobalIDString = D1518899293C45390017200E;
			remoteInfo = AdventOfCode;
		};
/* End PBXContainerItemProxy section */

/* Begin PBXFileReference section */
		D151889A293C45390017200E /* AdventOfCode.app */ = {isa = PBXFileReference; explicitFileType = wrapper.application; includeInIndex = 0; path = AdventOfCode.app; sourceTree = BUILT_PRODUCTS_DIR; };
		D151889D293C45390017200E /* AdventOfCodeApp.swift */ = {isa = PBXFileReference; lastKnownFileType = sourcecode.swift; path = AdventOfCodeApp.swift; sourceTree = "<group>"; };
		D151889F293C45390017200E /* ContentView.swift */ = {isa = PBXFileReference; lastKnownFileType = sourcecode.swift; path = ContentView.swift; sourceTree = "<group>"; };
		D15188A1293C453B0017200E /* Assets.xcassets */ = {isa = PBXFileReference; lastKnownFileType = folder.assetcatalog; path = Assets.xcassets; sourceTree = "<group>"; };
		D15188A4293C453B0017200E /* Preview Assets.xcassets */ = {isa = PBXFileReference; lastKnownFileType = folder.assetcatalog; path = "Preview Assets.xcassets"; sourceTree = "<group>"; };
		D15188A6293C453B0017200E /* AdventOfCode.entitlements */ = {isa = PBXFileReference; lastKnownFileType = text.plist.entitlements; path = AdventOfCode.entitlements; sourceTree = "<group>"; };
		D15188AB293C453B0017200E /* AdventOfCodeTests.xctest */ = {isa = PBXFileReference; explicitFileType = wrapper.cfbundle; includeInIndex = 0; path = AdventOfCodeTests.xctest; sourceTree = BUILT_PRODUCTS_DIR; };
		D15188AF293C453B0017200E /* AdventOfCodeTests.swift */ = {isa = PBXFileReference; lastKnownFileType = sourcecode.swift; path = AdventOfCodeTests.swift; sourceTree = "<group>"; };
		D15188B5293C453B0017200E /* AdventOfCodeUITests.xctest */ = {isa = PBXFileReference; explicitFileType = wrapper.cfbundle; includeInIndex = 0; path = AdventOfCodeUITests.xctest; sourceTree = BUILT_PRODUCTS_DIR; };
		D15188B9293C453B0017200E /* AdventOfCodeUITests.swift */ = {isa = PBXFileReference; lastKnownFileType = sourcecode.swift; path = AdventOfCodeUITests.swift; sourceTree = "<group>"; };
		D15188BB293C453B0017200E /* AdventOfCodeUITestsLaunchTests.swift */ = {isa = PBXFileReference; lastKnownFileType = sourcecode.swift; path = AdventOfCodeUITestsLaunchTests.swift; sourceTree = "<group>"; };
		D15188CB293C46D80017200E /* Day01.swift */ = {isa = PBXFileReference; lastKnownFileType = sourcecode.swift; path = Day01.swift; sourceTree = "<group>"; };
		D15188CD293C48DA0017200E /* input_01.txt */ = {isa = PBXFileReference; fileEncoding = 4; lastKnownFileType = text; path = input_01.txt; sourceTree = "<group>"; };
		D15188CF293C49540017200E /* Day01Tests.swift */ = {isa = PBXFileReference; lastKnownFileType = sourcecode.swift; path = Day01Tests.swift; sourceTree = "<group>"; };
		D15188D1293C4B200017200E /* Day02.swift */ = {isa = PBXFileReference; lastKnownFileType = sourcecode.swift; path = Day02.swift; sourceTree = "<group>"; };
		D15188D3293C4C650017200E /* Day02Tests.swift */ = {isa = PBXFileReference; lastKnownFileType = sourcecode.swift; path = Day02Tests.swift; sourceTree = "<group>"; };
		D15188D5293C4CC10017200E /* input_02.txt */ = {isa = PBXFileReference; fileEncoding = 4; lastKnownFileType = text; path = input_02.txt; sourceTree = "<group>"; };
/* End PBXFileReference section */

/* Begin PBXFrameworksBuildPhase section */
		D1518897293C45390017200E /* Frameworks */ = {
			isa = PBXFrameworksBuildPhase;
			buildActionMask = 2147483647;
			files = (
			);
			runOnlyForDeploymentPostprocessing = 0;
		};
		D15188A8293C453B0017200E /* Frameworks */ = {
			isa = PBXFrameworksBuildPhase;
			buildActionMask = 2147483647;
			files = (
			);
			runOnlyForDeploymentPostprocessing = 0;
		};
		D15188B2293C453B0017200E /* Frameworks */ = {
			isa = PBXFrameworksBuildPhase;
			buildActionMask = 2147483647;
			files = (
			);
			runOnlyForDeploymentPostprocessing = 0;
		};
/* End PBXFrameworksBuildPhase section */

/* Begin PBXGroup section */
		D1518891293C45390017200E = {
			isa = PBXGroup;
			children = (
				D151889C293C45390017200E /* AdventOfCode */,
				D15188AE293C453B0017200E /* AdventOfCodeTests */,
				D15188B8293C453B0017200E /* AdventOfCodeUITests */,
				D151889B293C45390017200E /* Products */,
			);
			sourceTree = "<group>";
		};
		D151889B293C45390017200E /* Products */ = {
			isa = PBXGroup;
			children = (
				D151889A293C45390017200E /* AdventOfCode.app */,
				D15188AB293C453B0017200E /* AdventOfCodeTests.xctest */,
				D15188B5293C453B0017200E /* AdventOfCodeUITests.xctest */,
			);
			name = Products;
			sourceTree = "<group>";
		};
		D151889C293C45390017200E /* AdventOfCode */ = {
			isa = PBXGroup;
			children = (
				D15188C9293C458B0017200E /* Main */,
				D15188CA293C46AE0017200E /* Input */,
				D15188C8293C45790017200E /* UI */,
				D151889D293C45390017200E /* AdventOfCodeApp.swift */,
				D15188A1293C453B0017200E /* Assets.xcassets */,
				D15188A6293C453B0017200E /* AdventOfCode.entitlements */,
				D15188A3293C453B0017200E /* Preview Content */,
			);
			path = AdventOfCode;
			sourceTree = "<group>";
		};
		D15188A3293C453B0017200E /* Preview Content */ = {
			isa = PBXGroup;
			children = (
				D15188A4293C453B0017200E /* Preview Assets.xcassets */,
			);
			path = "Preview Content";
			sourceTree = "<group>";
		};
		D15188AE293C453B0017200E /* AdventOfCodeTests */ = {
			isa = PBXGroup;
			children = (
				D15188AF293C453B0017200E /* AdventOfCodeTests.swift */,
				D15188CF293C49540017200E /* Day01Tests.swift */,
				D15188D3293C4C650017200E /* Day02Tests.swift */,
			);
			path = AdventOfCodeTests;
			sourceTree = "<group>";
		};
		D15188B8293C453B0017200E /* AdventOfCodeUITests */ = {
			isa = PBXGroup;
			children = (
				D15188B9293C453B0017200E /* AdventOfCodeUITests.swift */,
				D15188BB293C453B0017200E /* AdventOfCodeUITestsLaunchTests.swift */,
			);
			path = AdventOfCodeUITests;
			sourceTree = "<group>";
		};
		D15188C8293C45790017200E /* UI */ = {
			isa = PBXGroup;
			children = (
				D151889F293C45390017200E /* ContentView.swift */,
			);
			path = UI;
			sourceTree = "<group>";
		};
		D15188C9293C458B0017200E /* Main */ = {
			isa = PBXGroup;
			children = (
				D15188CB293C46D80017200E /* Day01.swift */,
				D15188D1293C4B200017200E /* Day02.swift */,
			);
			path = Main;
			sourceTree = "<group>";
		};
		D15188CA293C46AE0017200E /* Input */ = {
			isa = PBXGroup;
			children = (
				D15188CD293C48DA0017200E /* input_01.txt */,
				D15188D5293C4CC10017200E /* input_02.txt */,
			);
			path = Input;
			sourceTree = "<group>";
		};
/* End PBXGroup section */

/* Begin PBXNativeTarget section */
		D1518899293C45390017200E /* AdventOfCode */ = {
			isa = PBXNativeTarget;
			buildConfigurationList = D15188BF293C453B0017200E /* Build configuration list for PBXNativeTarget "AdventOfCode" */;
			buildPhases = (
				D1518896293C45390017200E /* Sources */,
				D1518897293C45390017200E /* Frameworks */,
				D1518898293C45390017200E /* Resources */,
			);
			buildRules = (
			);
			dependencies = (
			);
			name = AdventOfCode;
			productName = AdventOfCode;
			productReference = D151889A293C45390017200E /* AdventOfCode.app */;
			productType = "com.apple.product-type.application";
		};
		D15188AA293C453B0017200E /* AdventOfCodeTests */ = {
			isa = PBXNativeTarget;
			buildConfigurationList = D15188C2293C453B0017200E /* Build configuration list for PBXNativeTarget "AdventOfCodeTests" */;
			buildPhases = (
				D15188A7293C453B0017200E /* Sources */,
				D15188A8293C453B0017200E /* Frameworks */,
				D15188A9293C453B0017200E /* Resources */,
			);
			buildRules = (
			);
			dependencies = (
				D15188AD293C453B0017200E /* PBXTargetDependency */,
			);
			name = AdventOfCodeTests;
			productName = AdventOfCodeTests;
			productReference = D15188AB293C453B0017200E /* AdventOfCodeTests.xctest */;
			productType = "com.apple.product-type.bundle.unit-test";
		};
		D15188B4293C453B0017200E /* AdventOfCodeUITests */ = {
			isa = PBXNativeTarget;
			buildConfigurationList = D15188C5293C453B0017200E /* Build configuration list for PBXNativeTarget "AdventOfCodeUITests" */;
			buildPhases = (
				D15188B1293C453B0017200E /* Sources */,
				D15188B2293C453B0017200E /* Frameworks */,
				D15188B3293C453B0017200E /* Resources */,
			);
			buildRules = (
			);
			dependencies = (
				D15188B7293C453B0017200E /* PBXTargetDependency */,
			);
			name = AdventOfCodeUITests;
			productName = AdventOfCodeUITests;
			productReference = D15188B5293C453B0017200E /* AdventOfCodeUITests.xctest */;
			productType = "com.apple.product-type.bundle.ui-testing";
		};
/* End PBXNativeTarget section */

/* Begin PBXProject section */
		D1518892293C45390017200E /* Project object */ = {
			isa = PBXProject;
			attributes = {
				BuildIndependentTargetsInParallel = 1;
				LastSwiftUpdateCheck = 1340;
				LastUpgradeCheck = 1340;
				TargetAttributes = {
					D1518899293C45390017200E = {
						CreatedOnToolsVersion = 13.4.1;
					};
					D15188AA293C453B0017200E = {
						CreatedOnToolsVersion = 13.4.1;
						TestTargetID = D1518899293C45390017200E;
					};
					D15188B4293C453B0017200E = {
						CreatedOnToolsVersion = 13.4.1;
						TestTargetID = D1518899293C45390017200E;
					};
				};
			};
			buildConfigurationList = D1518895293C45390017200E /* Build configuration list for PBXProject "AdventOfCode" */;
			compatibilityVersion = "Xcode 13.0";
			developmentRegion = en;
			hasScannedForEncodings = 0;
			knownRegions = (
				en,
				Base,
			);
			mainGroup = D1518891293C45390017200E;
			productRefGroup = D151889B293C45390017200E /* Products */;
			projectDirPath = "";
			projectRoot = "";
			targets = (
				D1518899293C45390017200E /* AdventOfCode */,
				D15188AA293C453B0017200E /* AdventOfCodeTests */,
				D15188B4293C453B0017200E /* AdventOfCodeUITests */,
			);
		};
/* End PBXProject section */

/* Begin PBXResourcesBuildPhase section */
		D1518898293C45390017200E /* Resources */ = {
			isa = PBXResourcesBuildPhase;
			buildActionMask = 2147483647;
			files = (
				D15188CE293C48DA0017200E /* input_01.txt in Resources */,
				D15188A5293C453B0017200E /* Preview Assets.xcassets in Resources */,
				D15188A2293C453B0017200E /* Assets.xcassets in Resources */,
				D15188D6293C4CC10017200E /* input_02.txt in Resources */,
			);
			runOnlyForDeploymentPostprocessing = 0;
		};
		D15188A9293C453B0017200E /* Resources */ = {
			isa = PBXResourcesBuildPhase;
			buildActionMask = 2147483647;
			files = (
			);
			runOnlyForDeploymentPostprocessing = 0;
		};
		D15188B3293C453B0017200E /* Resources */ = {
			isa = PBXResourcesBuildPhase;
			buildActionMask = 2147483647;
			files = (
			);
			runOnlyForDeploymentPostprocessing = 0;
		};
/* End PBXResourcesBuildPhase section */

/* Begin PBXSourcesBuildPhase section */
		D1518896293C45390017200E /* Sources */ = {
			isa = PBXSourcesBuildPhase;
			buildActionMask = 2147483647;
			files = (
				D15188A0293C45390017200E /* ContentView.swift in Sources */,
				D151889E293C45390017200E /* AdventOfCodeApp.swift in Sources */,
				D15188D2293C4B200017200E /* Day02.swift in Sources */,
				D15188CC293C46D80017200E /* Day01.swift in Sources */,
			);
			runOnlyForDeploymentPostprocessing = 0;
		};
		D15188A7293C453B0017200E /* Sources */ = {
			isa = PBXSourcesBuildPhase;
			buildActionMask = 2147483647;
			files = (
				D15188B0293C453B0017200E /* AdventOfCodeTests.swift in Sources */,
				D15188D4293C4C650017200E /* Day02Tests.swift in Sources */,
				D15188D0293C49540017200E /* Day01Tests.swift in Sources */,
			);
			runOnlyForDeploymentPostprocessing = 0;
		};
		D15188B1293C453B0017200E /* Sources */ = {
			isa = PBXSourcesBuildPhase;
			buildActionMask = 2147483647;
			files = (
				D15188BC293C453B0017200E /* AdventOfCodeUITestsLaunchTests.swift in Sources */,
				D15188BA293C453B0017200E /* AdventOfCodeUITests.swift in Sources */,
			);
			runOnlyForDeploymentPostprocessing = 0;
		};
/* End PBXSourcesBuildPhase section */

/* Begin PBXTargetDependency section */
		D15188AD293C453B0017200E /* PBXTargetDependency */ = {
			isa = PBXTargetDependency;
			target = D1518899293C45390017200E /* AdventOfCode */;
			targetProxy = D15188AC293C453B0017200E /* PBXContainerItemProxy */;
		};
		D15188B7293C453B0017200E /* PBXTargetDependency */ = {
			isa = PBXTargetDependency;
			target = D1518899293C45390017200E /* AdventOfCode */;
			targetProxy = D15188B6293C453B0017200E /* PBXContainerItemProxy */;
		};
/* End PBXTargetDependency section */

/* Begin XCBuildConfiguration section */
		D15188BD293C453B0017200E /* Debug */ = {
			isa = XCBuildConfiguration;
			buildSettings = {
				ALWAYS_SEARCH_USER_PATHS = NO;
				CLANG_ANALYZER_NONNULL = YES;
				CLANG_ANALYZER_NUMBER_OBJECT_CONVERSION = YES_AGGRESSIVE;
				CLANG_CXX_LANGUAGE_STANDARD = "gnu++17";
				CLANG_ENABLE_MODULES = YES;
				CLANG_ENABLE_OBJC_ARC = YES;
				CLANG_ENABLE_OBJC_WEAK = YES;
				CLANG_WARN_BLOCK_CAPTURE_AUTORELEASING = YES;
				CLANG_WARN_BOOL_CONVERSION = YES;
				CLANG_WARN_COMMA = YES;
				CLANG_WARN_CONSTANT_CONVERSION = YES;
				CLANG_WARN_DEPRECATED_OBJC_IMPLEMENTATIONS = YES;
				CLANG_WARN_DIRECT_OBJC_ISA_USAGE = YES_ERROR;
				CLANG_WARN_DOCUMENTATION_COMMENTS = YES;
				CLANG_WARN_EMPTY_BODY = YES;
				CLANG_WARN_ENUM_CONVERSION = YES;
				CLANG_WARN_INFINITE_RECURSION = YES;
				CLANG_WARN_INT_CONVERSION = YES;
				CLANG_WARN_NON_LITERAL_NULL_CONVERSION = YES;
				CLANG_WARN_OBJC_IMPLICIT_RETAIN_SELF = YES;
				CLANG_WARN_OBJC_LITERAL_CONVERSION = YES;
				CLANG_WARN_OBJC_ROOT_CLASS = YES_ERROR;
				CLANG_WARN_QUOTED_INCLUDE_IN_FRAMEWORK_HEADER = YES;
				CLANG_WARN_RANGE_LOOP_ANALYSIS = YES;
				CLANG_WARN_STRICT_PROTOTYPES = YES;
				CLANG_WARN_SUSPICIOUS_MOVE = YES;
				CLANG_WARN_UNGUARDED_AVAILABILITY = YES_AGGRESSIVE;
				CLANG_WARN_UNREACHABLE_CODE = YES;
				CLANG_WARN__DUPLICATE_METHOD_MATCH = YES;
				COPY_PHASE_STRIP = NO;
				DEBUG_INFORMATION_FORMAT = dwarf;
				ENABLE_STRICT_OBJC_MSGSEND = YES;
				ENABLE_TESTABILITY = YES;
				GCC_C_LANGUAGE_STANDARD = gnu11;
				GCC_DYNAMIC_NO_PIC = NO;
				GCC_NO_COMMON_BLOCKS = YES;
				GCC_OPTIMIZATION_LEVEL = 0;
				GCC_PREPROCESSOR_DEFINITIONS = (
					"DEBUG=1",
					"$(inherited)",
				);
				GCC_WARN_64_TO_32_BIT_CONVERSION = YES;
				GCC_WARN_ABOUT_RETURN_TYPE = YES_ERROR;
				GCC_WARN_UNDECLARED_SELECTOR = YES;
				GCC_WARN_UNINITIALIZED_AUTOS = YES_AGGRESSIVE;
				GCC_WARN_UNUSED_FUNCTION = YES;
				GCC_WARN_UNUSED_VARIABLE = YES;
				MACOSX_DEPLOYMENT_TARGET = 12.2;
				MTL_ENABLE_DEBUG_INFO = INCLUDE_SOURCE;
				MTL_FAST_MATH = YES;
				ONLY_ACTIVE_ARCH = YES;
				SDKROOT = macosx;
				SWIFT_ACTIVE_COMPILATION_CONDITIONS = DEBUG;
				SWIFT_OPTIMIZATION_LEVEL = "-Onone";
			};
			name = Debug;
		};
		D15188BE293C453B0017200E /* Release */ = {
			isa = XCBuildConfiguration;
			buildSettings = {
				ALWAYS_SEARCH_USER_PATHS = NO;
				CLANG_ANALYZER_NONNULL = YES;
				CLANG_ANALYZER_NUMBER_OBJECT_CONVERSION = YES_AGGRESSIVE;
				CLANG_CXX_LANGUAGE_STANDARD = "gnu++17";
				CLANG_ENABLE_MODULES = YES;
				CLANG_ENABLE_OBJC_ARC = YES;
				CLANG_ENABLE_OBJC_WEAK = YES;
				CLANG_WARN_BLOCK_CAPTURE_AUTORELEASING = YES;
				CLANG_WARN_BOOL_CONVERSION = YES;
				CLANG_WARN_COMMA = YES;
				CLANG_WARN_CONSTANT_CONVERSION = YES;
				CLANG_WARN_DEPRECATED_OBJC_IMPLEMENTATIONS = YES;
				CLANG_WARN_DIRECT_OBJC_ISA_USAGE = YES_ERROR;
				CLANG_WARN_DOCUMENTATION_COMMENTS = YES;
				CLANG_WARN_EMPTY_BODY = YES;
				CLANG_WARN_ENUM_CONVERSION = YES;
				CLANG_WARN_INFINITE_RECURSION = YES;
				CLANG_WARN_INT_CONVERSION = YES;
				CLANG_WARN_NON_LITERAL_NULL_CONVERSION = YES;
				CLANG_WARN_OBJC_IMPLICIT_RETAIN_SELF = YES;
				CLANG_WARN_OBJC_LITERAL_CONVERSION = YES;
				CLANG_WARN_OBJC_ROOT_CLASS = YES_ERROR;
				CLANG_WARN_QUOTED_INCLUDE_IN_FRAMEWORK_HEADER = YES;
				CLANG_WARN_RANGE_LOOP_ANALYSIS = YES;
				CLANG_WARN_STRICT_PROTOTYPES = YES;
				CLANG_WARN_SUSPICIOUS_MOVE = YES;
				CLANG_WARN_UNGUARDED_AVAILABILITY = YES_AGGRESSIVE;
				CLANG_WARN_UNREACHABLE_CODE = YES;
				CLANG_WARN__DUPLICATE_METHOD_MATCH = YES;
				COPY_PHASE_STRIP = NO;
				DEBUG_INFORMATION_FORMAT = "dwarf-with-dsym";
				ENABLE_NS_ASSERTIONS = NO;
				ENABLE_STRICT_OBJC_MSGSEND = YES;
				GCC_C_LANGUAGE_STANDARD = gnu11;
				GCC_NO_COMMON_BLOCKS = YES;
				GCC_WARN_64_TO_32_BIT_CONVERSION = YES;
				GCC_WARN_ABOUT_RETURN_TYPE = YES_ERROR;
				GCC_WARN_UNDECLARED_SELECTOR = YES;
				GCC_WARN_UNINITIALIZED_AUTOS = YES_AGGRESSIVE;
				GCC_WARN_UNUSED_FUNCTION = YES;
				GCC_WARN_UNUSED_VARIABLE = YES;
				MACOSX_DEPLOYMENT_TARGET = 12.2;
				MTL_ENABLE_DEBUG_INFO = NO;
				MTL_FAST_MATH = YES;
				SDKROOT = macosx;
				SWIFT_COMPILATION_MODE = wholemodule;
				SWIFT_OPTIMIZATION_LEVEL = "-O";
			};
			name = Release;
		};
		D15188C0293C453B0017200E /* Debug */ = {
			isa = XCBuildConfiguration;
			buildSettings = {
				ASSETCATALOG_COMPILER_APPICON_NAME = AppIcon;
				ASSETCATALOG_COMPILER_GLOBAL_ACCENT_COLOR_NAME = AccentColor;
				CODE_SIGN_ENTITLEMENTS = AdventOfCode/AdventOfCode.entitlements;
				CODE_SIGN_STYLE = Automatic;
				COMBINE_HIDPI_IMAGES = YES;
				CURRENT_PROJECT_VERSION = 1;
				DEVELOPMENT_ASSET_PATHS = "\"AdventOfCode/Preview Content\"";
				ENABLE_PREVIEWS = YES;
				GENERATE_INFOPLIST_FILE = YES;
				INFOPLIST_KEY_NSHumanReadableCopyright = "";
				LD_RUNPATH_SEARCH_PATHS = (
					"$(inherited)",
					"@executable_path/../Frameworks",
				);
				MARKETING_VERSION = 1.0;
				PRODUCT_BUNDLE_IDENTIFIER = com.walter.AdventOfCode;
				PRODUCT_NAME = "$(TARGET_NAME)";
				SWIFT_EMIT_LOC_STRINGS = YES;
				SWIFT_VERSION = 5.0;
			};
			name = Debug;
		};
		D15188C1293C453B0017200E /* Release */ = {
			isa = XCBuildConfiguration;
			buildSettings = {
				ASSETCATALOG_COMPILER_APPICON_NAME = AppIcon;
				ASSETCATALOG_COMPILER_GLOBAL_ACCENT_COLOR_NAME = AccentColor;
				CODE_SIGN_ENTITLEMENTS = AdventOfCode/AdventOfCode.entitlements;
				CODE_SIGN_STYLE = Automatic;
				COMBINE_HIDPI_IMAGES = YES;
				CURRENT_PROJECT_VERSION = 1;
				DEVELOPMENT_ASSET_PATHS = "\"AdventOfCode/Preview Content\"";
				ENABLE_PREVIEWS = YES;
				GENERATE_INFOPLIST_FILE = YES;
				INFOPLIST_KEY_NSHumanReadableCopyright = "";
				LD_RUNPATH_SEARCH_PATHS = (
					"$(inherited)",
					"@executable_path/../Frameworks",
				);
				MARKETING_VERSION = 1.0;
				PRODUCT_BUNDLE_IDENTIFIER = com.walter.AdventOfCode;
				PRODUCT_NAME = "$(TARGET_NAME)";
				SWIFT_EMIT_LOC_STRINGS = YES;
				SWIFT_VERSION = 5.0;
			};
			name = Release;
		};
		D15188C3293C453B0017200E /* Debug */ = {
			isa = XCBuildConfiguration;
			buildSettings = {
				ALWAYS_EMBED_SWIFT_STANDARD_LIBRARIES = YES;
				BUNDLE_LOADER = "$(TEST_HOST)";
				CODE_SIGN_STYLE = Automatic;
				CURRENT_PROJECT_VERSION = 1;
				GENERATE_INFOPLIST_FILE = YES;
				MACOSX_DEPLOYMENT_TARGET = 12.2;
				MARKETING_VERSION = 1.0;
				PRODUCT_BUNDLE_IDENTIFIER = com.walter.AdventOfCodeTests;
				PRODUCT_NAME = "$(TARGET_NAME)";
				SWIFT_EMIT_LOC_STRINGS = NO;
				SWIFT_VERSION = 5.0;
				TEST_HOST = "$(BUILT_PRODUCTS_DIR)/AdventOfCode.app/Contents/MacOS/AdventOfCode";
			};
			name = Debug;
		};
		D15188C4293C453B0017200E /* Release */ = {
			isa = XCBuildConfiguration;
			buildSettings = {
				ALWAYS_EMBED_SWIFT_STANDARD_LIBRARIES = YES;
				BUNDLE_LOADER = "$(TEST_HOST)";
				CODE_SIGN_STYLE = Automatic;
				CURRENT_PROJECT_VERSION = 1;
				GENERATE_INFOPLIST_FILE = YES;
				MACOSX_DEPLOYMENT_TARGET = 12.2;
				MARKETING_VERSION = 1.0;
				PRODUCT_BUNDLE_IDENTIFIER = com.walter.AdventOfCodeTests;
				PRODUCT_NAME = "$(TARGET_NAME)";
				SWIFT_EMIT_LOC_STRINGS = NO;
				SWIFT_VERSION = 5.0;
				TEST_HOST = "$(BUILT_PRODUCTS_DIR)/AdventOfCode.app/Contents/MacOS/AdventOfCode";
			};
			name = Release;
		};
		D15188C6293C453B0017200E /* Debug */ = {
			isa = XCBuildConfiguration;
			buildSettings = {
				ALWAYS_EMBED_SWIFT_STANDARD_LIBRARIES = YES;
				CODE_SIGN_STYLE = Automatic;
				CURRENT_PROJECT_VERSION = 1;
				GENERATE_INFOPLIST_FILE = YES;
				MARKETING_VERSION = 1.0;
				PRODUCT_BUNDLE_IDENTIFIER = com.walter.AdventOfCodeUITests;
				PRODUCT_NAME = "$(TARGET_NAME)";
				SWIFT_EMIT_LOC_STRINGS = NO;
				SWIFT_VERSION = 5.0;
				TEST_TARGET_NAME = AdventOfCode;
			};
			name = Debug;
		};
		D15188C7293C453B0017200E /* Release */ = {
			isa = XCBuildConfiguration;
			buildSettings = {
				ALWAYS_EMBED_SWIFT_STANDARD_LIBRARIES = YES;
				CODE_SIGN_STYLE = Automatic;
				CURRENT_PROJECT_VERSION = 1;
				GENERATE_INFOPLIST_FILE = YES;
				MARKETING_VERSION = 1.0;
				PRODUCT_BUNDLE_IDENTIFIER = com.walter.AdventOfCodeUITests;
				PRODUCT_NAME = "$(TARGET_NAME)";
				SWIFT_EMIT_LOC_STRINGS = NO;
				SWIFT_VERSION = 5.0;
				TEST_TARGET_NAME = AdventOfCode;
			};
			name = Release;
		};
/* End XCBuildConfiguration section */

/* Begin XCConfigurationList section */
		D1518895293C45390017200E /* Build configuration list for PBXProject "AdventOfCode" */ = {
			isa = XCConfigurationList;
			buildConfigurations = (
				D15188BD293C453B0017200E /* Debug */,
				D15188BE293C453B0017200E /* Release */,
			);
			defaultConfigurationIsVisible = 0;
			defaultConfigurationName = Release;
		};
		D15188BF293C453B0017200E /* Build configuration list for PBXNativeTarget "AdventOfCode" */ = {
			isa = XCConfigurationList;
			buildConfigurations = (
				D15188C0293C453B0017200E /* Debug */,
				D15188C1293C453B0017200E /* Release */,
			);
			defaultConfigurationIsVisible = 0;
			defaultConfigurationName = Release;
		};
		D15188C2293C453B0017200E /* Build configuration list for PBXNativeTarget "AdventOfCodeTests" */ = {
			isa = XCConfigurationList;
			buildConfigurations = (
				D15188C3293C453B0017200E /* Debug */,
				D15188C4293C453B0017200E /* Release */,
			);
			defaultConfigurationIsVisible = 0;
			defaultConfigurationName = Release;
		};
		D15188C5293C453B0017200E /* Build configuration list for PBXNativeTarget "AdventOfCodeUITests" */ = {
			isa = XCConfigurationList;
			buildConfigurations = (
				D15188C6293C453B0017200E /* Debug */,
				D15188C7293C453B0017200E /* Release */,
			);
			defaultConfigurationIsVisible = 0;
			defaultConfigurationName = Release;
		};
/* End XCConfigurationList section */
	};
	rootObject = D1518892293C45390017200E /* Project object */;
}
